
Microsoft Visual Studio Solution File, Format Version 12.00
# Visual Studio Version 16
VisualStudioVersion = 16.0.31112.23
MinimumVisualStudioVersion = 10.0.40219.1
Project("{FAE04EC0-301F-11D3-BF4B-00C04F79EFBC}") = "Tomi_helyjegy_2021.03.25", "Tomi_helyjegy_2021.03.25\Tomi_helyjegy_2021.03.25.csproj", "{FED0731E-F578-453D-BF4F-6915FDCC8294}"
EndProject
Global
	GlobalSection(SolutionConfigurationPlatforms) = preSolution
		Debug|Any CPU = Debug|Any CPU
		Release|Any CPU = Release|Any CPU
	EndGlobalSection
	GlobalSection(ProjectConfigurationPlatforms) = postSolution
		{FED0731E-F578-453D-BF4F-6915FDCC8294}.Debug|Any CPU.ActiveCfg = Debug|Any CPU
		{FED0731E-F578-453D-BF4F-6915FDCC8294}.Debug|Any CPU.Build.0 = Debug|Any CPU
		{FED0731E-F578-453D-BF4F-6915FDCC8294}.Release|Any CPU.ActiveCfg = Release|Any CPU
		{FED0731E-F578-453D-BF4F-6915FDCC8294}.Release|Any CPU.Build.0 = Release|Any CPU
	EndGlobalSection
	GlobalSection(SolutionProperties) = preSolution
		HideSolutionNode = FALSE
	EndGlobalSection
	GlobalSection(ExtensibilityGlobals) = postSolution
		SolutionGuid = {1D15815E-D630-4172-8CAC-DAAB4188D832}
	EndGlobalSection
EndGlobal
